
Microsoft Visual Studio Solution File, Format Version 12.00
# Visual Studio Version 17
VisualStudioVersion = 17.7.34003.232
MinimumVisualStudioVersion = 10.0.40219.1
Project("{8BC9CEB8-8B4A-11D0-8D11-00A0C91BC942}") = "etw-fuck", "etw-fuck.vcxproj", "{40E7714F-460D-4CA6-9A5A-FB32C6769BE4}"
EndProject
Global
	GlobalSection(SolutionConfigurationPlatforms) = preSolution
		Debug|x64 = Debug|x64
		Debug|x86 = Debug|x86
		Release|x64 = Release|x64
		Release|x86 = Release|x86
	EndGlobalSection
	GlobalSection(ProjectConfigurationPlatforms) = postSolution
		{40E7714F-460D-4CA6-9A5A-FB32C6769BE4}.Debug|x64.ActiveCfg = Debug|x64
		{40E7714F-460D-4CA6-9A5A-FB32C6769BE4}.Debug|x64.Build.0 = Debug|x64
		{40E7714F-460D-4CA6-9A5A-FB32C6769BE4}.Debug|x86.ActiveCfg = Debug|Win32
		{40E7714F-460D-4CA6-9A5A-FB32C6769BE4}.Debug|x86.Build.0 = Debug|Win32
		{40E7714F-460D-4CA6-9A5A-FB32C6769BE4}.Release|x64.ActiveCfg = Release|x64
		{40E7714F-460D-4CA6-9A5A-FB32C6769BE4}.Release|x64.Build.0 = Release|x64
		{40E7714F-460D-4CA6-9A5A-FB32C6769BE4}.Release|x86.ActiveCfg = Release|Win32
		{40E7714F-460D-4CA6-9A5A-FB32C6769BE4}.Release|x86.Build.0 = Release|Win32
	EndGlobalSection
	GlobalSection(SolutionProperties) = preSolution
		HideSolutionNode = FALSE
	EndGlobalSection
	GlobalSection(ExtensibilityGlobals) = postSolution
		SolutionGuid = {16B8FD24-9194-43E7-AAEB-A63A8D6940B2}
	EndGlobalSection
EndGlobal
